{
  "name": "wasm-create",
  "version": "1.0.0",
  "lockfileVersion": 2,
  "requires": true,
  "packages": {
    "": {
      "name": "wasm-create",
      "version": "1.0.0",
      "license": "MIT",
      "devDependencies": {
        "assemblyscript": "^0.22.0"
      }
    },
    "node_modules/assemblyscript": {
      "version": "0.22.0",
      "resolved": "https://registry.npmjs.org/assemblyscript/-/assemblyscript-0.22.0.tgz",
      "integrity": "sha512-BC4tV2hc+oNgKOWfXXrl5iD2W+NkQV1MbRNCMi7YE83VoSzrmJj7LqSJMHYc39nKNnX+MiL4DHzp9zCKIMal/g==",
      "dev": true,
      "dependencies": {
        "binaryen": "110.0.0-nightly.20221019",
        "long": "^5.2.0"
      },
      "bin": {
        "asc": "bin/asc.js",
        "asinit": "bin/asinit.js"
      },
      "engines": {
        "node": ">=16.0.0",
        "npm": ">=7.0.0"
      },
      "funding": {
        "type": "opencollective",
        "url": "https://opencollective.com/assemblyscript"
      }
    },
    "node_modules/binaryen": {
      "version": "110.0.0-nightly.20221019",
      "resolved": "https://registry.npmjs.org/binaryen/-/binaryen-110.0.0-nightly.20221019.tgz",
      "integrity": "sha512-BmuVpV5hpeU1G9ENWQUslwaxbmol810S3+yd7xVJap+vrSQz7ybXiirwya1FfYSFtuDbfGYPfQAObiW5O2PS1w==",
      "dev": true,
      "bin": {
        "wasm-opt": "bin/wasm-opt",
        "wasm2js": "bin/wasm2js"
      }
    },
    "node_modules/long": {
      "version": "5.2.1",
      "resolved": "https://registry.npmjs.org/long/-/long-5.2.1.tgz",
      "integrity": "sha512-GKSNGeNAtw8IryjjkhZxuKB3JzlcLTwjtiQCHKvqQet81I93kXslhDQruGI/QsddO83mcDToBVy7GqGS/zYf/A==",
      "dev": true
    }
  },
  "dependencies": {
    "assemblyscript": {
      "version": "0.22.0",
      "resolved": "https://registry.npmjs.org/assemblyscript/-/assemblyscript-0.22.0.tgz",
      "integrity": "sha512-BC4tV2hc+oNgKOWfXXrl5iD2W+NkQV1MbRNCMi7YE83VoSzrmJj7LqSJMHYc39nKNnX+MiL4DHzp9zCKIMal/g==",
      "dev": true,
      "requires": {
        "binaryen": "110.0.0-nightly.20221019",
        "long": "^5.2.0"
      }
    },
    "binaryen": {
      "version": "110.0.0-nightly.20221019",
      "resolved": "https://registry.npmjs.org/binaryen/-/binaryen-110.0.0-nightly.20221019.tgz",
      "integrity": "sha512-BmuVpV5hpeU1G9ENWQUslwaxbmol810S3+yd7xVJap+vrSQz7ybXiirwya1FfYSFtuDbfGYPfQAObiW5O2PS1w==",
      "dev": true
    },
    "long": {
      "version": "5.2.1",
      "resolved": "https://registry.npmjs.org/long/-/long-5.2.1.tgz",
      "integrity": "sha512-GKSNGeNAtw8IryjjkhZxuKB3JzlcLTwjtiQCHKvqQet81I93kXslhDQruGI/QsddO83mcDToBVy7GqGS/zYf/A==",
      "dev": true
    }
  }
}
